
Microsoft Visual Studio Solution File, Format Version 12.00
# Visual Studio Version 17
VisualStudioVersion = 17.13.35825.156 d17.13
MinimumVisualStudioVersion = 10.0.40219.1
Project("{FAE04EC0-301F-11D3-BF4B-00C04F79EFBC}") = "Agenda_p", "Agenda_p\Agenda_p.csproj", "{F909B905-88B3-4B24-A6D8-CB54A0F55DDC}"
EndProject
Global
	GlobalSection(SolutionConfigurationPlatforms) = preSolution
		Debug|Any CPU = Debug|Any CPU
		Release|Any CPU = Release|Any CPU
	EndGlobalSection
	GlobalSection(ProjectConfigurationPlatforms) = postSolution
		{F909B905-88B3-4B24-A6D8-CB54A0F55DDC}.Debug|Any CPU.ActiveCfg = Debug|Any CPU
		{F909B905-88B3-4B24-A6D8-CB54A0F55DDC}.Debug|Any CPU.Build.0 = Debug|Any CPU
		{F909B905-88B3-4B24-A6D8-CB54A0F55DDC}.Release|Any CPU.ActiveCfg = Release|Any CPU
		{F909B905-88B3-4B24-A6D8-CB54A0F55DDC}.Release|Any CPU.Build.0 = Release|Any CPU
	EndGlobalSection
	GlobalSection(SolutionProperties) = preSolution
		HideSolutionNode = FALSE
	EndGlobalSection
	GlobalSection(ExtensibilityGlobals) = postSolution
		SolutionGuid = {C7592986-4B46-4B93-83F8-632B15C6EAF8}
	EndGlobalSection
EndGlobal
